Microsoft Visual Studio Solution File, Format Version 12.00
# Visual Studio Version 17
VisualStudioVersion = 17.0.31903.59
MinimumVisualStudioVersion = 10.0.40219.1
Project("{2150E333-8FDC-42A3-9474-1A3956D46DE8}") = "Scanners", "Scanners", "{10E88914-F313-43A5-9893-24F5D79F51CB}"
EndProject
Project("{2150E333-8FDC-42A3-9474-1A3956D46DE8}") = "Classes and Models", "Classes and Models", "{F45FE4D9-5F3E-429F-A7A8-CB63BFE825E8}"
EndProject
Project("{9A19103F-16F7-4668-BE54-9A1E7A4F7556}") = "ProjectData", "ProjectDataFramework\ProjectData.csproj", "{8E47C531-8382-4630-AE9D-94898E829D25}"
EndProject
Project("{9A19103F-16F7-4668-BE54-9A1E7A4F7556}") = "ProjectScanner", "ProjectScannerFramework\ProjectScanner.csproj", "{E487398A-0C6B-48A6-9AEA-3333ABDF7686}"
EndProject
Project("{9A19103F-16F7-4668-BE54-9A1E7A4F7556}") = "AzureDevOpsScannerFramework", "AzureDevOpsScannerFramework\AzureDevOpsScannerFramework.csproj", "{38C26B38-4255-464D-8905-3D6D32758025}"
EndProject
Project("{9A19103F-16F7-4668-BE54-9A1E7A4F7556}") = "Parser", "Parser\Parser.csproj", "{171D31E0-F983-419B-ADF7-F8121C83F125}"
EndProject
Project("{2150E333-8FDC-42A3-9474-1A3956D46DE8}") = "FileParsers", "FileParsers", "{DAB4B476-8AFA-4AE7-9737-0FA45B6F55C1}"
EndProject
Project("{9A19103F-16F7-4668-BE54-9A1E7A4F7556}") = "VisualStudioFileParser", "VisualStudioFileParser\VisualStudioFileParser.csproj", "{BCCAA6AE-5A25-44B1-BF2C-28E8891F15B8}"
EndProject
Project("{9A19103F-16F7-4668-BE54-9A1E7A4F7556}") = "NuGetFileParser", "NuGetFileParser\NuGetFileParser.csproj", "{BE35F49A-ADA7-4562-A005-D00C613092EF}"
EndProject
Project("{2150E333-8FDC-42A3-9474-1A3956D46DE8}") = "Data Sources", "Data Sources", "{AE122355-12E2-4890-8041-3B2B307CDDFB}"
EndProject
Project("{00D1A9C2-B5F0-4AF3-8072-F6C62B433612}") = "ProjectScannerDB", "ProjectScannerDB\ProjectScannerDB.sqlproj", "{A730C45A-2106-4017-BE71-211B2837E151}"
EndProject
Project("{9A19103F-16F7-4668-BE54-9A1E7A4F7556}") = "ProjectScannerSaveToSqlServer", "ProjectScannerSaveToSqlServer\ProjectScannerSaveToSqlServer.csproj", "{67439106-5CC8-4063-81FB-5D26FEB54D58}"
EndProject
Project("{9A19103F-16F7-4668-BE54-9A1E7A4F7556}") = "Storage", "Storage\Storage.csproj", "{2CF976BD-4D42-40BD-90CF-D5D67E611438}"
EndProject
Project("{2150E333-8FDC-42A3-9474-1A3956D46DE8}") = "EndOfLifeCheckers", "EndOfLifeCheckers", "{02202F4C-F9EE-44C9-A176-2FE683F1EF0D}"
EndProject
Project("{9A19103F-16F7-4668-BE54-9A1E7A4F7556}") = "EndOfLifeConfigFile", "EndOfLifeConfigFile\EndOfLifeConfigFile.csproj", "{7E7B865C-0B54-4F9A-A704-4FFE75C96650}"
EndProject
Project("{2150E333-8FDC-42A3-9474-1A3956D46DE8}") = "Filters", "Filters", "{03C1EB17-4DBA-4E97-A615-C69F573F3734}"
EndProject
Project("{9A19103F-16F7-4668-BE54-9A1E7A4F7556}") = "ContentFilter", "ContentFilter\ContentFilter.csproj", "{78C79A72-BC53-475B-95E4-BD2DA5B078E0}"
EndProject
Project("{9A19103F-16F7-4668-BE54-9A1E7A4F7556}") = "FilterConfigurationFromConfigFile", "FilterConfigurationFromConfigFile\FilterConfigurationFromConfigFile.csproj", "{9EA05CDB-75FD-4248-9733-CB1C8C9FC636}"
EndProject
Project("{9A19103F-16F7-4668-BE54-9A1E7A4F7556}") = "ConfigurationFileData", "ConfigurationFileData\ConfigurationFileData.csproj", "{D4518E0A-EF3A-48C4-A50A-687F6F0F8912}"
EndProject
Project("{9A19103F-16F7-4668-BE54-9A1E7A4F7556}") = "FileFiltering", "CodeFileFiltering\FileFiltering.csproj", "{8BE34AB2-472F-405A-AC52-8E3ED9587FC3}"
EndProject
Project("{2150E333-8FDC-42A3-9474-1A3956D46DE8}") = "Executables", "Executables", "{69451FB6-F75A-48D7-A067-0F444AC23E83}"
EndProject
Project("{9A19103F-16F7-4668-BE54-9A1E7A4F7556}") = "RepoScan.FileLocator", "FileLocator\RepoScan.FileLocator.csproj", "{DB2EDD2D-9091-457D-BF79-44C2D08DDBFA}"
EndProject
Project("{9A19103F-16F7-4668-BE54-9A1E7A4F7556}") = "RepoScan.DataModels", "DataModels\RepoScan.DataModels.csproj", "{CF9A7158-D989-4A91-99E9-33FA59549780}"
EndProject
Project("{2150E333-8FDC-42A3-9474-1A3956D46DE8}") = "Storage", "Storage", "{5C6A9C89-785D-40BD-B99F-96C9938AF609}"
EndProject
Project("{9A19103F-16F7-4668-BE54-9A1E7A4F7556}") = "RepoScan.Storage.SqlServer", "RepoScan.Storage.SqlServer\RepoScan.Storage.SqlServer.csproj", "{848FC962-7069-46EB-8764-C9B3AC543137}"
EndProject
Project("{2150E333-8FDC-42A3-9474-1A3956D46DE8}") = "Credentials", "Credentials", "{802823C6-DBD9-428A-ABF6-BE8533C398F1}"
EndProject
Project("{9A19103F-16F7-4668-BE54-9A1E7A4F7556}") = "TfmScanWithToken", "TfmScanWithToken\TfmScanWithToken.csproj", "{BCAD480A-234A-439D-92C6-61D49E29501B}"
EndProject
Project("{9A19103F-16F7-4668-BE54-9A1E7A4F7556}") = "OpenSecretsDetection", "OpenSecretsDetection\OpenSecretsDetection.csproj", "{EA62A644-2C15-4735-A6E4-5021F0EB2A9F}"
EndProject
Project("{9A19103F-16F7-4668-BE54-9A1E7A4F7556}") = "NpmFileParser", "NpmFileParser\NpmFileParser.csproj", "{F2F7A77A-888B-47ED-B22D-69B6CB85B130}"
EndProject
Project("{9A19103F-16F7-4668-BE54-9A1E7A4F7556}") = "AzureDevOps", "AzureDevOps\AzureDevOps.csproj", "{58D2CEAF-71D0-422E-9FD2-6C702C0320EF}"
EndProject
Project("{9A19103F-16F7-4668-BE54-9A1E7A4F7556}") = "ConfidentialSettings", "ConfidentialSettings\ConfidentialSettings.csproj", "{2CEBFB57-78AF-46FC-977B-626DAF7C3619}"
EndProject
Project("{9A19103F-16F7-4668-BE54-9A1E7A4F7556}") = "ReportsRefresh", "ReportsRefresh\ReportsRefresh.csproj", "{74BF2608-108D-4CD4-9EC8-BE6513F7EDBA}"
EndProject
Project("{9A19103F-16F7-4668-BE54-9A1E7A4F7556}") = "YamlFileParser", "YamlFileParser\YamlFileParser.csproj", "{D3376B60-BE99-42E1-A252-5C10C241AEB0}"
EndProject
Project("{9A19103F-16F7-4668-BE54-9A1E7A4F7556}") = "Parameters", "ParameterSettings\Parameters.csproj", "{86D4B693-D877-4F08-9596-0EDE192C3B18}"
EndProject
Project("{2150E333-8FDC-42A3-9474-1A3956D46DE8}") = "Solution Items", "Solution Items", "{B2741350-78D7-4D27-9B9C-17DB60D92EC7}"
	ProjectSection(SolutionItems) = preProject
		Directory.Build.props = Directory.Build.props
	EndProjectSection
EndProject
Global
	GlobalSection(SolutionConfigurationPlatforms) = preSolution
		Debug|Any CPU = Debug|Any CPU
		Release|Any CPU = Release|Any CPU
	EndGlobalSection
	GlobalSection(ProjectConfigurationPlatforms) = postSolution
		{8E47C531-8382-4630-AE9D-94898E829D25}.Debug|Any CPU.ActiveCfg = Debug|Any CPU
		{8E47C531-8382-4630-AE9D-94898E829D25}.Debug|Any CPU.Build.0 = Debug|Any CPU
		{8E47C531-8382-4630-AE9D-94898E829D25}.Release|Any CPU.ActiveCfg = Release|Any CPU
		{8E47C531-8382-4630-AE9D-94898E829D25}.Release|Any CPU.Build.0 = Release|Any CPU
		{E487398A-0C6B-48A6-9AEA-3333ABDF7686}.Debug|Any CPU.ActiveCfg = Debug|Any CPU
		{E487398A-0C6B-48A6-9AEA-3333ABDF7686}.Debug|Any CPU.Build.0 = Debug|Any CPU
		{E487398A-0C6B-48A6-9AEA-3333ABDF7686}.Release|Any CPU.ActiveCfg = Release|Any CPU
		{E487398A-0C6B-48A6-9AEA-3333ABDF7686}.Release|Any CPU.Build.0 = Release|Any CPU
		{38C26B38-4255-464D-8905-3D6D32758025}.Debug|Any CPU.ActiveCfg = Debug|Any CPU
		{38C26B38-4255-464D-8905-3D6D32758025}.Debug|Any CPU.Build.0 = Debug|Any CPU
		{38C26B38-4255-464D-8905-3D6D32758025}.Release|Any CPU.ActiveCfg = Release|Any CPU
		{38C26B38-4255-464D-8905-3D6D32758025}.Release|Any CPU.Build.0 = Release|Any CPU
		{171D31E0-F983-419B-ADF7-F8121C83F125}.Debug|Any CPU.ActiveCfg = Debug|Any CPU
		{171D31E0-F983-419B-ADF7-F8121C83F125}.Debug|Any CPU.Build.0 = Debug|Any CPU
		{171D31E0-F983-419B-ADF7-F8121C83F125}.Release|Any CPU.ActiveCfg = Release|Any CPU
		{171D31E0-F983-419B-ADF7-F8121C83F125}.Release|Any CPU.Build.0 = Release|Any CPU
		{BCCAA6AE-5A25-44B1-BF2C-28E8891F15B8}.Debug|Any CPU.ActiveCfg = Debug|Any CPU
		{BCCAA6AE-5A25-44B1-BF2C-28E8891F15B8}.Debug|Any CPU.Build.0 = Debug|Any CPU
		{BCCAA6AE-5A25-44B1-BF2C-28E8891F15B8}.Release|Any CPU.ActiveCfg = Release|Any CPU
		{BCCAA6AE-5A25-44B1-BF2C-28E8891F15B8}.Release|Any CPU.Build.0 = Release|Any CPU
		{BE35F49A-ADA7-4562-A005-D00C613092EF}.Debug|Any CPU.ActiveCfg = Debug|Any CPU
		{BE35F49A-ADA7-4562-A005-D00C613092EF}.Debug|Any CPU.Build.0 = Debug|Any CPU
		{BE35F49A-ADA7-4562-A005-D00C613092EF}.Release|Any CPU.ActiveCfg = Release|Any CPU
		{BE35F49A-ADA7-4562-A005-D00C613092EF}.Release|Any CPU.Build.0 = Release|Any CPU
		{A730C45A-2106-4017-BE71-211B2837E151}.Debug|Any CPU.ActiveCfg = Debug|Any CPU
		{A730C45A-2106-4017-BE71-211B2837E151}.Debug|Any CPU.Build.0 = Debug|Any CPU
		{A730C45A-2106-4017-BE71-211B2837E151}.Debug|Any CPU.Deploy.0 = Debug|Any CPU
		{A730C45A-2106-4017-BE71-211B2837E151}.Release|Any CPU.ActiveCfg = Release|Any CPU
		{A730C45A-2106-4017-BE71-211B2837E151}.Release|Any CPU.Build.0 = Release|Any CPU
		{A730C45A-2106-4017-BE71-211B2837E151}.Release|Any CPU.Deploy.0 = Release|Any CPU
		{67439106-5CC8-4063-81FB-5D26FEB54D58}.Debug|Any CPU.ActiveCfg = Debug|Any CPU
		{67439106-5CC8-4063-81FB-5D26FEB54D58}.Debug|Any CPU.Build.0 = Debug|Any CPU
		{67439106-5CC8-4063-81FB-5D26FEB54D58}.Release|Any CPU.ActiveCfg = Release|Any CPU
		{67439106-5CC8-4063-81FB-5D26FEB54D58}.Release|Any CPU.Build.0 = Release|Any CPU
		{2CF976BD-4D42-40BD-90CF-D5D67E611438}.Debug|Any CPU.ActiveCfg = Debug|Any CPU
		{2CF976BD-4D42-40BD-90CF-D5D67E611438}.Debug|Any CPU.Build.0 = Debug|Any CPU
		{2CF976BD-4D42-40BD-90CF-D5D67E611438}.Release|Any CPU.ActiveCfg = Release|Any CPU
		{2CF976BD-4D42-40BD-90CF-D5D67E611438}.Release|Any CPU.Build.0 = Release|Any CPU
		{7E7B865C-0B54-4F9A-A704-4FFE75C96650}.Debug|Any CPU.ActiveCfg = Debug|Any CPU
		{7E7B865C-0B54-4F9A-A704-4FFE75C96650}.Debug|Any CPU.Build.0 = Debug|Any CPU
		{7E7B865C-0B54-4F9A-A704-4FFE75C96650}.Release|Any CPU.ActiveCfg = Release|Any CPU
		{7E7B865C-0B54-4F9A-A704-4FFE75C96650}.Release|Any CPU.Build.0 = Release|Any CPU
		{78C79A72-BC53-475B-95E4-BD2DA5B078E0}.Debug|Any CPU.ActiveCfg = Debug|Any CPU
		{78C79A72-BC53-475B-95E4-BD2DA5B078E0}.Debug|Any CPU.Build.0 = Debug|Any CPU
		{78C79A72-BC53-475B-95E4-BD2DA5B078E0}.Release|Any CPU.ActiveCfg = Release|Any CPU
		{78C79A72-BC53-475B-95E4-BD2DA5B078E0}.Release|Any CPU.Build.0 = Release|Any CPU
		{9EA05CDB-75FD-4248-9733-CB1C8C9FC636}.Debug|Any CPU.ActiveCfg = Debug|Any CPU
		{9EA05CDB-75FD-4248-9733-CB1C8C9FC636}.Debug|Any CPU.Build.0 = Debug|Any CPU
		{9EA05CDB-75FD-4248-9733-CB1C8C9FC636}.Release|Any CPU.ActiveCfg = Release|Any CPU
		{9EA05CDB-75FD-4248-9733-CB1C8C9FC636}.Release|Any CPU.Build.0 = Release|Any CPU
		{D4518E0A-EF3A-48C4-A50A-687F6F0F8912}.Debug|Any CPU.ActiveCfg = Debug|Any CPU
		{D4518E0A-EF3A-48C4-A50A-687F6F0F8912}.Debug|Any CPU.Build.0 = Debug|Any CPU
		{D4518E0A-EF3A-48C4-A50A-687F6F0F8912}.Release|Any CPU.ActiveCfg = Release|Any CPU
		{D4518E0A-EF3A-48C4-A50A-687F6F0F8912}.Release|Any CPU.Build.0 = Release|Any CPU
		{8BE34AB2-472F-405A-AC52-8E3ED9587FC3}.Debug|Any CPU.ActiveCfg = Debug|Any CPU
		{8BE34AB2-472F-405A-AC52-8E3ED9587FC3}.Debug|Any CPU.Build.0 = Debug|Any CPU
		{8BE34AB2-472F-405A-AC52-8E3ED9587FC3}.Release|Any CPU.ActiveCfg = Release|Any CPU
		{8BE34AB2-472F-405A-AC52-8E3ED9587FC3}.Release|Any CPU.Build.0 = Release|Any CPU
		{DB2EDD2D-9091-457D-BF79-44C2D08DDBFA}.Debug|Any CPU.ActiveCfg = Debug|Any CPU
		{DB2EDD2D-9091-457D-BF79-44C2D08DDBFA}.Debug|Any CPU.Build.0 = Debug|Any CPU
		{DB2EDD2D-9091-457D-BF79-44C2D08DDBFA}.Release|Any CPU.ActiveCfg = Release|Any CPU
		{DB2EDD2D-9091-457D-BF79-44C2D08DDBFA}.Release|Any CPU.Build.0 = Release|Any CPU
		{CF9A7158-D989-4A91-99E9-33FA59549780}.Debug|Any CPU.ActiveCfg = Debug|Any CPU
		{CF9A7158-D989-4A91-99E9-33FA59549780}.Debug|Any CPU.Build.0 = Debug|Any CPU
		{CF9A7158-D989-4A91-99E9-33FA59549780}.Release|Any CPU.ActiveCfg = Release|Any CPU
		{CF9A7158-D989-4A91-99E9-33FA59549780}.Release|Any CPU.Build.0 = Release|Any CPU
		{848FC962-7069-46EB-8764-C9B3AC543137}.Debug|Any CPU.ActiveCfg = Debug|Any CPU
		{848FC962-7069-46EB-8764-C9B3AC543137}.Debug|Any CPU.Build.0 = Debug|Any CPU
		{848FC962-7069-46EB-8764-C9B3AC543137}.Release|Any CPU.ActiveCfg = Release|Any CPU
		{848FC962-7069-46EB-8764-C9B3AC543137}.Release|Any CPU.Build.0 = Release|Any CPU
		{BCAD480A-234A-439D-92C6-61D49E29501B}.Debug|Any CPU.ActiveCfg = Debug|Any CPU
		{BCAD480A-234A-439D-92C6-61D49E29501B}.Debug|Any CPU.Build.0 = Debug|Any CPU
		{BCAD480A-234A-439D-92C6-61D49E29501B}.Release|Any CPU.ActiveCfg = Release|Any CPU
		{BCAD480A-234A-439D-92C6-61D49E29501B}.Release|Any CPU.Build.0 = Release|Any CPU
		{EA62A644-2C15-4735-A6E4-5021F0EB2A9F}.Debug|Any CPU.ActiveCfg = Debug|Any CPU
		{EA62A644-2C15-4735-A6E4-5021F0EB2A9F}.Debug|Any CPU.Build.0 = Debug|Any CPU
		{EA62A644-2C15-4735-A6E4-5021F0EB2A9F}.Release|Any CPU.ActiveCfg = Release|Any CPU
		{EA62A644-2C15-4735-A6E4-5021F0EB2A9F}.Release|Any CPU.Build.0 = Release|Any CPU
		{F2F7A77A-888B-47ED-B22D-69B6CB85B130}.Debug|Any CPU.ActiveCfg = Debug|Any CPU
		{F2F7A77A-888B-47ED-B22D-69B6CB85B130}.Debug|Any CPU.Build.0 = Debug|Any CPU
		{F2F7A77A-888B-47ED-B22D-69B6CB85B130}.Release|Any CPU.ActiveCfg = Release|Any CPU
		{F2F7A77A-888B-47ED-B22D-69B6CB85B130}.Release|Any CPU.Build.0 = Release|Any CPU
		{58D2CEAF-71D0-422E-9FD2-6C702C0320EF}.Debug|Any CPU.ActiveCfg = Debug|Any CPU
		{58D2CEAF-71D0-422E-9FD2-6C702C0320EF}.Debug|Any CPU.Build.0 = Debug|Any CPU
		{58D2CEAF-71D0-422E-9FD2-6C702C0320EF}.Release|Any CPU.ActiveCfg = Release|Any CPU
		{58D2CEAF-71D0-422E-9FD2-6C702C0320EF}.Release|Any CPU.Build.0 = Release|Any CPU
		{2CEBFB57-78AF-46FC-977B-626DAF7C3619}.Debug|Any CPU.ActiveCfg = Debug|Any CPU
		{2CEBFB57-78AF-46FC-977B-626DAF7C3619}.Debug|Any CPU.Build.0 = Debug|Any CPU
		{2CEBFB57-78AF-46FC-977B-626DAF7C3619}.Release|Any CPU.ActiveCfg = Release|Any CPU
		{2CEBFB57-78AF-46FC-977B-626DAF7C3619}.Release|Any CPU.Build.0 = Release|Any CPU
		{74BF2608-108D-4CD4-9EC8-BE6513F7EDBA}.Debug|Any CPU.ActiveCfg = Debug|Any CPU
		{74BF2608-108D-4CD4-9EC8-BE6513F7EDBA}.Debug|Any CPU.Build.0 = Debug|Any CPU
		{74BF2608-108D-4CD4-9EC8-BE6513F7EDBA}.Release|Any CPU.ActiveCfg = Release|Any CPU
		{74BF2608-108D-4CD4-9EC8-BE6513F7EDBA}.Release|Any CPU.Build.0 = Release|Any CPU
		{D3376B60-BE99-42E1-A252-5C10C241AEB0}.Debug|Any CPU.ActiveCfg = Debug|Any CPU
		{D3376B60-BE99-42E1-A252-5C10C241AEB0}.Debug|Any CPU.Build.0 = Debug|Any CPU
		{D3376B60-BE99-42E1-A252-5C10C241AEB0}.Release|Any CPU.ActiveCfg = Release|Any CPU
		{D3376B60-BE99-42E1-A252-5C10C241AEB0}.Release|Any CPU.Build.0 = Release|Any CPU
		{86D4B693-D877-4F08-9596-0EDE192C3B18}.Debug|Any CPU.ActiveCfg = Debug|Any CPU
		{86D4B693-D877-4F08-9596-0EDE192C3B18}.Debug|Any CPU.Build.0 = Debug|Any CPU
		{86D4B693-D877-4F08-9596-0EDE192C3B18}.Release|Any CPU.ActiveCfg = Release|Any CPU
		{86D4B693-D877-4F08-9596-0EDE192C3B18}.Release|Any CPU.Build.0 = Release|Any CPU
	EndGlobalSection
	GlobalSection(SolutionProperties) = preSolution
		HideSolutionNode = FALSE
	EndGlobalSection
	GlobalSection(NestedProjects) = preSolution
		{8E47C531-8382-4630-AE9D-94898E829D25} = {F45FE4D9-5F3E-429F-A7A8-CB63BFE825E8}
		{E487398A-0C6B-48A6-9AEA-3333ABDF7686} = {F45FE4D9-5F3E-429F-A7A8-CB63BFE825E8}
		{38C26B38-4255-464D-8905-3D6D32758025} = {10E88914-F313-43A5-9893-24F5D79F51CB}
		{171D31E0-F983-419B-ADF7-F8121C83F125} = {F45FE4D9-5F3E-429F-A7A8-CB63BFE825E8}
		{BCCAA6AE-5A25-44B1-BF2C-28E8891F15B8} = {DAB4B476-8AFA-4AE7-9737-0FA45B6F55C1}
		{BE35F49A-ADA7-4562-A005-D00C613092EF} = {DAB4B476-8AFA-4AE7-9737-0FA45B6F55C1}
		{A730C45A-2106-4017-BE71-211B2837E151} = {AE122355-12E2-4890-8041-3B2B307CDDFB}
		{67439106-5CC8-4063-81FB-5D26FEB54D58} = {AE122355-12E2-4890-8041-3B2B307CDDFB}
		{2CF976BD-4D42-40BD-90CF-D5D67E611438} = {F45FE4D9-5F3E-429F-A7A8-CB63BFE825E8}
		{7E7B865C-0B54-4F9A-A704-4FFE75C96650} = {02202F4C-F9EE-44C9-A176-2FE683F1EF0D}
		{78C79A72-BC53-475B-95E4-BD2DA5B078E0} = {03C1EB17-4DBA-4E97-A615-C69F573F3734}
		{9EA05CDB-75FD-4248-9733-CB1C8C9FC636} = {03C1EB17-4DBA-4E97-A615-C69F573F3734}
		{D4518E0A-EF3A-48C4-A50A-687F6F0F8912} = {AE122355-12E2-4890-8041-3B2B307CDDFB}
		{8BE34AB2-472F-405A-AC52-8E3ED9587FC3} = {03C1EB17-4DBA-4E97-A615-C69F573F3734}
		{DB2EDD2D-9091-457D-BF79-44C2D08DDBFA} = {69451FB6-F75A-48D7-A067-0F444AC23E83}
		{CF9A7158-D989-4A91-99E9-33FA59549780} = {69451FB6-F75A-48D7-A067-0F444AC23E83}
		{5C6A9C89-785D-40BD-B99F-96C9938AF609} = {69451FB6-F75A-48D7-A067-0F444AC23E83}
		{848FC962-7069-46EB-8764-C9B3AC543137} = {5C6A9C89-785D-40BD-B99F-96C9938AF609}
		{802823C6-DBD9-428A-ABF6-BE8533C398F1} = {10E88914-F313-43A5-9893-24F5D79F51CB}
		{BCAD480A-234A-439D-92C6-61D49E29501B} = {69451FB6-F75A-48D7-A067-0F444AC23E83}
		{EA62A644-2C15-4735-A6E4-5021F0EB2A9F} = {DAB4B476-8AFA-4AE7-9737-0FA45B6F55C1}
		{F2F7A77A-888B-47ED-B22D-69B6CB85B130} = {DAB4B476-8AFA-4AE7-9737-0FA45B6F55C1}
		{58D2CEAF-71D0-422E-9FD2-6C702C0320EF} = {10E88914-F313-43A5-9893-24F5D79F51CB}
		{2CEBFB57-78AF-46FC-977B-626DAF7C3619} = {AE122355-12E2-4890-8041-3B2B307CDDFB}
		{74BF2608-108D-4CD4-9EC8-BE6513F7EDBA} = {69451FB6-F75A-48D7-A067-0F444AC23E83}
		{D3376B60-BE99-42E1-A252-5C10C241AEB0} = {DAB4B476-8AFA-4AE7-9737-0FA45B6F55C1}
		{86D4B693-D877-4F08-9596-0EDE192C3B18} = {AE122355-12E2-4890-8041-3B2B307CDDFB}
	EndGlobalSection
	GlobalSection(ExtensibilityGlobals) = postSolution
		SolutionGuid = {13E06812-4F34-4E3C-8E19-5A26F31CF9C8}
	EndGlobalSection
EndGlobal
